PODS:
  - PlayerKit (3.0.0)
  - SwiftLint (0.28.0)

DEPENDENCIES:
  - PlayerKit (from `../`)
  - SwiftLint (= 0.28.0)

SPEC REPOS:
  https://github.com/cocoapods/specs.git:
    - SwiftLint

EXTERNAL SOURCES:
  PlayerKit:
    :path: "../"

SPEC CHECKSUMS:
  PlayerKit: 40d5abcc36abe10a104c4730e795bdcfd5af6291
  SwiftLint: 088cfacb75b45970017e62b7524d506776d60148

PODFILE CHECKSUM: 660e860dcd64cef4d926c7410128e1b71bb521ef

COCOAPODS: 1.7.4
