PODS:
  - PlayerKit (3.0.0)
  - SwiftLint (0.28.0)

DEPENDENCIES:
  - PlayerKit (from `../`)
  - SwiftLint (= 0.28.0)

SPEC REPOS:
  https://github.com/cocoapods/specs.git:
    - SwiftLint

EXTERNAL SOURCES:
  PlayerKit:
    :path: "../"

SPEC CHECKSUMS:
  PlayerKit: d851e0bbee4c9c5be51880c2c02a09a5e8302721
  SwiftLint: 088cfacb75b45970017e62b7524d506776d60148

PODFILE CHECKSUM: 90f31c00641fb4d5e9453ba687a3a06a32cca83f

COCOAPODS: 1.5.2
